
Microsoft Visual Studio Solution File, Format Version 12.00
Project("{FAE04EC0-301F-11D3-BF4B-00C04F79EFBC}") = "PasswordChecker", "PasswordChecker\PasswordChecker.csproj", "{2EDF7E8E-613E-469D-BFD3-41671BC1D7DA}"
EndProject
Global
	GlobalSection(SolutionConfigurationPlatforms) = preSolution
		Debug|Any CPU = Debug|Any CPU
		Release|Any CPU = Release|Any CPU
	EndGlobalSection
	GlobalSection(ProjectConfigurationPlatforms) = postSolution
		{2EDF7E8E-613E-469D-BFD3-41671BC1D7DA}.Debug|Any CPU.ActiveCfg = Debug|Any CPU
		{2EDF7E8E-613E-469D-BFD3-41671BC1D7DA}.Debug|Any CPU.Build.0 = Debug|Any CPU
		{2EDF7E8E-613E-469D-BFD3-41671BC1D7DA}.Release|Any CPU.ActiveCfg = Release|Any CPU
		{2EDF7E8E-613E-469D-BFD3-41671BC1D7DA}.Release|Any CPU.Build.0 = Release|Any CPU
	EndGlobalSection
EndGlobal
